
Microsoft Visual Studio Solution File, Format Version 12.00
# Visual Studio Version 17
VisualStudioVersion = 17.11.35208.52
MinimumVisualStudioVersion = 10.0.40219.1
Project("{FAE04EC0-301F-11D3-BF4B-00C04F79EFBC}") = "EtteremKatalogus", "EtteremKatalogus.csproj", "{307B6507-6AB0-4BC9-B3EA-7E3B9452BF61}"
EndProject
Global
	GlobalSection(SolutionConfigurationPlatforms) = preSolution
		Debug|Any CPU = Debug|Any CPU
		Release|Any CPU = Release|Any CPU
	EndGlobalSection
	GlobalSection(ProjectConfigurationPlatforms) = postSolution
		{307B6507-6AB0-4BC9-B3EA-7E3B9452BF61}.Debug|Any CPU.ActiveCfg = Debug|Any CPU
		{307B6507-6AB0-4BC9-B3EA-7E3B9452BF61}.Debug|Any CPU.Build.0 = Debug|Any CPU
		{307B6507-6AB0-4BC9-B3EA-7E3B9452BF61}.Release|Any CPU.ActiveCfg = Release|Any CPU
		{307B6507-6AB0-4BC9-B3EA-7E3B9452BF61}.Release|Any CPU.Build.0 = Release|Any CPU
	EndGlobalSection
	GlobalSection(SolutionProperties) = preSolution
		HideSolutionNode = FALSE
	EndGlobalSection
	GlobalSection(ExtensibilityGlobals) = postSolution
		SolutionGuid = {EBE87AC3-EEA2-43FC-81ED-FB5CA4379919}
	EndGlobalSection
EndGlobal
